
Microsoft Visual Studio Solution File, Format Version 12.00
# Visual Studio Version 16
VisualStudioVersion = 16.0.29324.140
MinimumVisualStudioVersion = 10.0.40219.1
Project("{FAE04EC0-301F-11D3-BF4B-00C04F79EFBC}") = "ParadiseService", "ParadiseService\ParadiseService.csproj", "{E67D5D9A-EC04-4A73-8132-B37642E5BBBE}"
EndProject
Project("{FAE04EC0-301F-11D3-BF4B-00C04F79EFBC}") = "MikrotikTools", "MikrotikTools\MikrotikTools.csproj", "{7C078BA3-E106-499C-A3E1-289C6BA873E3}"
EndProject
Global
	GlobalSection(SolutionConfigurationPlatforms) = preSolution
		Debug|Any CPU = Debug|Any CPU
		Release|Any CPU = Release|Any CPU
	EndGlobalSection
	GlobalSection(ProjectConfigurationPlatforms) = postSolution
		{E67D5D9A-EC04-4A73-8132-B37642E5BBBE}.Debug|Any CPU.ActiveCfg = Debug|Any CPU
		{E67D5D9A-EC04-4A73-8132-B37642E5BBBE}.Debug|Any CPU.Build.0 = Debug|Any CPU
		{E67D5D9A-EC04-4A73-8132-B37642E5BBBE}.Release|Any CPU.ActiveCfg = Release|Any CPU
		{E67D5D9A-EC04-4A73-8132-B37642E5BBBE}.Release|Any CPU.Build.0 = Release|Any CPU
		{7C078BA3-E106-499C-A3E1-289C6BA873E3}.Debug|Any CPU.ActiveCfg = Debug|Any CPU
		{7C078BA3-E106-499C-A3E1-289C6BA873E3}.Debug|Any CPU.Build.0 = Debug|Any CPU
		{7C078BA3-E106-499C-A3E1-289C6BA873E3}.Release|Any CPU.ActiveCfg = Release|Any CPU
		{7C078BA3-E106-499C-A3E1-289C6BA873E3}.Release|Any CPU.Build.0 = Release|Any CPU
	EndGlobalSection
	GlobalSection(SolutionProperties) = preSolution
		HideSolutionNode = FALSE
	EndGlobalSection
	GlobalSection(ExtensibilityGlobals) = postSolution
		SolutionGuid = {0D8A36EB-31E0-4D0A-B804-E52A855F8304}
	EndGlobalSection
EndGlobal
